
Microsoft Visual Studio Solution File, Format Version 12.00
# Visual Studio Version 16
VisualStudioVersion = 16.0.29215.179
MinimumVisualStudioVersion = 10.0.40219.1
Project("{FAE04EC0-301F-11D3-BF4B-00C04F79EFBC}") = "App1.UWP", "App1\App1.UWP\App1.UWP.csproj", "{5420C511-F0EE-48FC-9004-1C6D41C3B24A}"
EndProject
Project("{FAE04EC0-301F-11D3-BF4B-00C04F79EFBC}") = "App1.Android", "App1\App1.Android\App1.Android.csproj", "{86203049-7F06-4753-9925-8E2587C6F3CE}"
EndProject
Project("{FAE04EC0-301F-11D3-BF4B-00C04F79EFBC}") = "App1.iOS", "App1\App1.iOS\App1.iOS.csproj", "{F635649E-98CB-43B9-9026-D460D2C6BDA2}"
EndProject
Project("{FAE04EC0-301F-11D3-BF4B-00C04F79EFBC}") = "App1", "App1\App1\App1.csproj", "{F3C1E0D6-6F95-4586-ABF9-8C2B64CEEBA3}"
EndProject
Global
	GlobalSection(SolutionConfigurationPlatforms) = preSolution
		Debug|Any CPU = Debug|Any CPU
		Debug|ARM = Debug|ARM
		Debug|iPhone = Debug|iPhone
		Debug|iPhoneSimulator = Debug|iPhoneSimulator
		Debug|x64 = Debug|x64
		Debug|x86 = Debug|x86
		Release|Any CPU = Release|Any CPU
		Release|ARM = Release|ARM
		Release|iPhone = Release|iPhone
		Release|iPhoneSimulator = Release|iPhoneSimulator
		Release|x64 = Release|x64
		Release|x86 = Release|x86
	EndGlobalSection
	GlobalSection(ProjectConfigurationPlatforms) = postSolution
		{5420C511-F0EE-48FC-9004-1C6D41C3B24A}.Debug|Any CPU.ActiveCfg = Debug|x86
		{5420C511-F0EE-48FC-9004-1C6D41C3B24A}.Debug|Any CPU.Build.0 = Debug|x86
		{5420C511-F0EE-48FC-9004-1C6D41C3B24A}.Debug|Any CPU.Deploy.0 = Debug|x86
		{5420C511-F0EE-48FC-9004-1C6D41C3B24A}.Debug|ARM.ActiveCfg = Debug|ARM
		{5420C511-F0EE-48FC-9004-1C6D41C3B24A}.Debug|ARM.Build.0 = Debug|ARM
		{5420C511-F0EE-48FC-9004-1C6D41C3B24A}.Debug|ARM.Deploy.0 = Debug|ARM
		{5420C511-F0EE-48FC-9004-1C6D41C3B24A}.Debug|iPhone.ActiveCfg = Debug|x86
		{5420C511-F0EE-48FC-9004-1C6D41C3B24A}.Debug|iPhone.Build.0 = Debug|x86
		{5420C511-F0EE-48FC-9004-1C6D41C3B24A}.Debug|iPhone.Deploy.0 = Debug|x86
		{5420C511-F0EE-48FC-9004-1C6D41C3B24A}.Debug|iPhoneSimulator.ActiveCfg = Debug|x86
		{5420C511-F0EE-48FC-9004-1C6D41C3B24A}.Debug|iPhoneSimulator.Build.0 = Debug|x86
		{5420C511-F0EE-48FC-9004-1C6D41C3B24A}.Debug|iPhoneSimulator.Deploy.0 = Debug|x86
		{5420C511-F0EE-48FC-9004-1C6D41C3B24A}.Debug|x64.ActiveCfg = Debug|x64
		{5420C511-F0EE-48FC-9004-1C6D41C3B24A}.Debug|x64.Build.0 = Debug|x64
		{5420C511-F0EE-48FC-9004-1C6D41C3B24A}.Debug|x64.Deploy.0 = Debug|x64
		{5420C511-F0EE-48FC-9004-1C6D41C3B24A}.Debug|x86.ActiveCfg = Debug|x86
		{5420C511-F0EE-48FC-9004-1C6D41C3B24A}.Debug|x86.Build.0 = Debug|x86
		{5420C511-F0EE-48FC-9004-1C6D41C3B24A}.Debug|x86.Deploy.0 = Debug|x86
		{5420C511-F0EE-48FC-9004-1C6D41C3B24A}.Release|Any CPU.ActiveCfg = Release|x86
		{5420C511-F0EE-48FC-9004-1C6D41C3B24A}.Release|Any CPU.Build.0 = Release|x86
		{5420C511-F0EE-48FC-9004-1C6D41C3B24A}.Release|Any CPU.Deploy.0 = Release|x86
		{5420C511-F0EE-48FC-9004-1C6D41C3B24A}.Release|ARM.ActiveCfg = Release|ARM
		{5420C511-F0EE-48FC-9004-1C6D41C3B24A}.Release|ARM.Build.0 = Release|ARM
		{5420C511-F0EE-48FC-9004-1C6D41C3B24A}.Release|ARM.Deploy.0 = Release|ARM
		{5420C511-F0EE-48FC-9004-1C6D41C3B24A}.Release|iPhone.ActiveCfg = Release|x86
		{5420C511-F0EE-48FC-9004-1C6D41C3B24A}.Release|iPhone.Build.0 = Release|x86
		{5420C511-F0EE-48FC-9004-1C6D41C3B24A}.Release|iPhone.Deploy.0 = Release|x86
		{5420C511-F0EE-48FC-9004-1C6D41C3B24A}.Release|iPhoneSimulator.ActiveCfg = Release|x86
		{5420C511-F0EE-48FC-9004-1C6D41C3B24A}.Release|iPhoneSimulator.Build.0 = Release|x86
		{5420C511-F0EE-48FC-9004-1C6D41C3B24A}.Release|iPhoneSimulator.Deploy.0 = Release|x86
		{5420C511-F0EE-48FC-9004-1C6D41C3B24A}.Release|x64.ActiveCfg = Release|x64
		{5420C511-F0EE-48FC-9004-1C6D41C3B24A}.Release|x64.Build.0 = Release|x64
		{5420C511-F0EE-48FC-9004-1C6D41C3B24A}.Release|x64.Deploy.0 = Release|x64
		{5420C511-F0EE-48FC-9004-1C6D41C3B24A}.Release|x86.ActiveCfg = Release|x86
		{5420C511-F0EE-48FC-9004-1C6D41C3B24A}.Release|x86.Build.0 = Release|x86
		{5420C511-F0EE-48FC-9004-1C6D41C3B24A}.Release|x86.Deploy.0 = Release|x86
		{86203049-7F06-4753-9925-8E2587C6F3CE}.Debug|Any CPU.ActiveCfg = Debug|Any CPU
		{86203049-7F06-4753-9925-8E2587C6F3CE}.Debug|Any CPU.Build.0 = Debug|Any CPU
		{86203049-7F06-4753-9925-8E2587C6F3CE}.Debug|Any CPU.Deploy.0 = Debug|Any CPU
		{86203049-7F06-4753-9925-8E2587C6F3CE}.Debug|ARM.ActiveCfg = Debug|Any CPU
		{86203049-7F06-4753-9925-8E2587C6F3CE}.Debug|ARM.Build.0 = Debug|Any CPU
		{86203049-7F06-4753-9925-8E2587C6F3CE}.Debug|ARM.Deploy.0 = Debug|Any CPU
		{86203049-7F06-4753-9925-8E2587C6F3CE}.Debug|iPhone.ActiveCfg = Debug|Any CPU
		{86203049-7F06-4753-9925-8E2587C6F3CE}.Debug|iPhone.Build.0 = Debug|Any CPU
		{86203049-7F06-4753-9925-8E2587C6F3CE}.Debug|iPhone.Deploy.0 = Debug|Any CPU
		{86203049-7F06-4753-9925-8E2587C6F3CE}.Debug|iPhoneSimulator.ActiveCfg = Debug|Any CPU
		{86203049-7F06-4753-9925-8E2587C6F3CE}.Debug|iPhoneSimulator.Build.0 = Debug|Any CPU
		{86203049-7F06-4753-9925-8E2587C6F3CE}.Debug|iPhoneSimulator.Deploy.0 = Debug|Any CPU
		{86203049-7F06-4753-9925-8E2587C6F3CE}.Debug|x64.ActiveCfg = Debug|Any CPU
		{86203049-7F06-4753-9925-8E2587C6F3CE}.Debug|x64.Build.0 = Debug|Any CPU
		{86203049-7F06-4753-9925-8E2587C6F3CE}.Debug|x64.Deploy.0 = Debug|Any CPU
		{86203049-7F06-4753-9925-8E2587C6F3CE}.Debug|x86.ActiveCfg = Debug|Any CPU
		{86203049-7F06-4753-9925-8E2587C6F3CE}.Debug|x86.Build.0 = Debug|Any CPU
		{86203049-7F06-4753-9925-8E2587C6F3CE}.Debug|x86.Deploy.0 = Debug|Any CPU
		{86203049-7F06-4753-9925-8E2587C6F3CE}.Release|Any CPU.ActiveCfg = Release|Any CPU
		{86203049-7F06-4753-9925-8E2587C6F3CE}.Release|Any CPU.Build.0 = Release|Any CPU
		{86203049-7F06-4753-9925-8E2587C6F3CE}.Release|Any CPU.Deploy.0 = Release|Any CPU
		{86203049-7F06-4753-9925-8E2587C6F3CE}.Release|ARM.ActiveCfg = Release|Any CPU
		{86203049-7F06-4753-9925-8E2587C6F3CE}.Release|ARM.Build.0 = Release|Any CPU
		{86203049-7F06-4753-9925-8E2587C6F3CE}.Release|ARM.Deploy.0 = Release|Any CPU
		{86203049-7F06-4753-9925-8E2587C6F3CE}.Release|iPhone.ActiveCfg = Release|Any CPU
		{86203049-7F06-4753-9925-8E2587C6F3CE}.Release|iPhone.Build.0 = Release|Any CPU
		{86203049-7F06-4753-9925-8E2587C6F3CE}.Release|iPhone.Deploy.0 = Release|Any CPU
		{86203049-7F06-4753-9925-8E2587C6F3CE}.Release|iPhoneSimulator.ActiveCfg = Release|Any CPU
		{86203049-7F06-4753-9925-8E2587C6F3CE}.Release|iPhoneSimulator.Build.0 = Release|Any CPU
		{86203049-7F06-4753-9925-8E2587C6F3CE}.Release|iPhoneSimulator.Deploy.0 = Release|Any CPU
		{86203049-7F06-4753-9925-8E2587C6F3CE}.Release|x64.ActiveCfg = Release|Any CPU
		{86203049-7F06-4753-9925-8E2587C6F3CE}.Release|x64.Build.0 = Release|Any CPU
		{86203049-7F06-4753-9925-8E2587C6F3CE}.Release|x64.Deploy.0 = Release|Any CPU
		{86203049-7F06-4753-9925-8E2587C6F3CE}.Release|x86.ActiveCfg = Release|Any CPU
		{86203049-7F06-4753-9925-8E2587C6F3CE}.Release|x86.Build.0 = Release|Any CPU
		{86203049-7F06-4753-9925-8E2587C6F3CE}.Release|x86.Deploy.0 = Release|Any CPU
		{F635649E-98CB-43B9-9026-D460D2C6BDA2}.Debug|Any CPU.ActiveCfg = Debug|iPhone
		{F635649E-98CB-43B9-9026-D460D2C6BDA2}.Debug|Any CPU.Build.0 = Debug|iPhone
		{F635649E-98CB-43B9-9026-D460D2C6BDA2}.Debug|Any CPU.Deploy.0 = Debug|iPhone
		{F635649E-98CB-43B9-9026-D460D2C6BDA2}.Debug|ARM.ActiveCfg = Debug|iPhoneSimulator
		{F635649E-98CB-43B9-9026-D460D2C6BDA2}.Debug|ARM.Build.0 = Debug|iPhoneSimulator
		{F635649E-98CB-43B9-9026-D460D2C6BDA2}.Debug|ARM.Deploy.0 = Debug|iPhoneSimulator
		{F635649E-98CB-43B9-9026-D460D2C6BDA2}.Debug|iPhone.ActiveCfg = Debug|iPhone
		{F635649E-98CB-43B9-9026-D460D2C6BDA2}.Debug|iPhone.Build.0 = Debug|iPhone
		{F635649E-98CB-43B9-9026-D460D2C6BDA2}.Debug|iPhone.Deploy.0 = Debug|iPhone
		{F635649E-98CB-43B9-9026-D460D2C6BDA2}.Debug|iPhoneSimulator.ActiveCfg = Debug|iPhoneSimulator
		{F635649E-98CB-43B9-9026-D460D2C6BDA2}.Debug|iPhoneSimulator.Build.0 = Debug|iPhoneSimulator
		{F635649E-98CB-43B9-9026-D460D2C6BDA2}.Debug|iPhoneSimulator.Deploy.0 = Debug|iPhoneSimulator
		{F635649E-98CB-43B9-9026-D460D2C6BDA2}.Debug|x64.ActiveCfg = Debug|iPhone
		{F635649E-98CB-43B9-9026-D460D2C6BDA2}.Debug|x64.Build.0 = Debug|iPhone
		{F635649E-98CB-43B9-9026-D460D2C6BDA2}.Debug|x64.Deploy.0 = Debug|iPhone
		{F635649E-98CB-43B9-9026-D460D2C6BDA2}.Debug|x86.ActiveCfg = Debug|iPhone
		{F635649E-98CB-43B9-9026-D460D2C6BDA2}.Debug|x86.Build.0 = Debug|iPhone
		{F635649E-98CB-43B9-9026-D460D2C6BDA2}.Debug|x86.Deploy.0 = Debug|iPhone
		{F635649E-98CB-43B9-9026-D460D2C6BDA2}.Release|Any CPU.ActiveCfg = Release|iPhone
		{F635649E-98CB-43B9-9026-D460D2C6BDA2}.Release|Any CPU.Build.0 = Release|iPhone
		{F635649E-98CB-43B9-9026-D460D2C6BDA2}.Release|Any CPU.Deploy.0 = Release|iPhone
		{F635649E-98CB-43B9-9026-D460D2C6BDA2}.Release|ARM.ActiveCfg = Release|iPhone
		{F635649E-98CB-43B9-9026-D460D2C6BDA2}.Release|ARM.Build.0 = Release|iPhone
		{F635649E-98CB-43B9-9026-D460D2C6BDA2}.Release|ARM.Deploy.0 = Release|iPhone
		{F635649E-98CB-43B9-9026-D460D2C6BDA2}.Release|iPhone.ActiveCfg = Release|iPhone
		{F635649E-98CB-43B9-9026-D460D2C6BDA2}.Release|iPhone.Build.0 = Release|iPhone
		{F635649E-98CB-43B9-9026-D460D2C6BDA2}.Release|iPhone.Deploy.0 = Release|iPhone
		{F635649E-98CB-43B9-9026-D460D2C6BDA2}.Release|iPhoneSimulator.ActiveCfg = Release|iPhoneSimulator
		{F635649E-98CB-43B9-9026-D460D2C6BDA2}.Release|iPhoneSimulator.Build.0 = Release|iPhoneSimulator
		{F635649E-98CB-43B9-9026-D460D2C6BDA2}.Release|iPhoneSimulator.Deploy.0 = Release|iPhoneSimulator
		{F635649E-98CB-43B9-9026-D460D2C6BDA2}.Release|x64.ActiveCfg = Release|iPhone
		{F635649E-98CB-43B9-9026-D460D2C6BDA2}.Release|x64.Build.0 = Release|iPhone
		{F635649E-98CB-43B9-9026-D460D2C6BDA2}.Release|x64.Deploy.0 = Release|iPhone
		{F635649E-98CB-43B9-9026-D460D2C6BDA2}.Release|x86.ActiveCfg = Release|iPhone
		{F635649E-98CB-43B9-9026-D460D2C6BDA2}.Release|x86.Build.0 = Release|iPhone
		{F635649E-98CB-43B9-9026-D460D2C6BDA2}.Release|x86.Deploy.0 = Release|iPhone
		{F3C1E0D6-6F95-4586-ABF9-8C2B64CEEBA3}.Debug|Any CPU.ActiveCfg = Debug|Any CPU
		{F3C1E0D6-6F95-4586-ABF9-8C2B64CEEBA3}.Debug|Any CPU.Build.0 = Debug|Any CPU
		{F3C1E0D6-6F95-4586-ABF9-8C2B64CEEBA3}.Debug|Any CPU.Deploy.0 = Debug|Any CPU
		{F3C1E0D6-6F95-4586-ABF9-8C2B64CEEBA3}.Debug|ARM.ActiveCfg = Debug|Any CPU
		{F3C1E0D6-6F95-4586-ABF9-8C2B64CEEBA3}.Debug|ARM.Build.0 = Debug|Any CPU
		{F3C1E0D6-6F95-4586-ABF9-8C2B64CEEBA3}.Debug|ARM.Deploy.0 = Debug|Any CPU
		{F3C1E0D6-6F95-4586-ABF9-8C2B64CEEBA3}.Debug|iPhone.ActiveCfg = Debug|Any CPU
		{F3C1E0D6-6F95-4586-ABF9-8C2B64CEEBA3}.Debug|iPhone.Build.0 = Debug|Any CPU
		{F3C1E0D6-6F95-4586-ABF9-8C2B64CEEBA3}.Debug|iPhone.Deploy.0 = Debug|Any CPU
		{F3C1E0D6-6F95-4586-ABF9-8C2B64CEEBA3}.Debug|iPhoneSimulator.ActiveCfg = Debug|Any CPU
		{F3C1E0D6-6F95-4586-ABF9-8C2B64CEEBA3}.Debug|iPhoneSimulator.Build.0 = Debug|Any CPU
		{F3C1E0D6-6F95-4586-ABF9-8C2B64CEEBA3}.Debug|iPhoneSimulator.Deploy.0 = Debug|Any CPU
		{F3C1E0D6-6F95-4586-ABF9-8C2B64CEEBA3}.Debug|x64.ActiveCfg = Debug|Any CPU
		{F3C1E0D6-6F95-4586-ABF9-8C2B64CEEBA3}.Debug|x64.Build.0 = Debug|Any CPU
		{F3C1E0D6-6F95-4586-ABF9-8C2B64CEEBA3}.Debug|x64.Deploy.0 = Debug|Any CPU
		{F3C1E0D6-6F95-4586-ABF9-8C2B64CEEBA3}.Debug|x86.ActiveCfg = Debug|Any CPU
		{F3C1E0D6-6F95-4586-ABF9-8C2B64CEEBA3}.Debug|x86.Build.0 = Debug|Any CPU
		{F3C1E0D6-6F95-4586-ABF9-8C2B64CEEBA3}.Debug|x86.Deploy.0 = Debug|Any CPU
		{F3C1E0D6-6F95-4586-ABF9-8C2B64CEEBA3}.Release|Any CPU.ActiveCfg = Release|Any CPU
		{F3C1E0D6-6F95-4586-ABF9-8C2B64CEEBA3}.Release|Any CPU.Build.0 = Release|Any CPU
		{F3C1E0D6-6F95-4586-ABF9-8C2B64CEEBA3}.Release|Any CPU.Deploy.0 = Release|Any CPU
		{F3C1E0D6-6F95-4586-ABF9-8C2B64CEEBA3}.Release|ARM.ActiveCfg = Release|Any CPU
		{F3C1E0D6-6F95-4586-ABF9-8C2B64CEEBA3}.Release|ARM.Build.0 = Release|Any CPU
		{F3C1E0D6-6F95-4586-ABF9-8C2B64CEEBA3}.Release|ARM.Deploy.0 = Release|Any CPU
		{F3C1E0D6-6F95-4586-ABF9-8C2B64CEEBA3}.Release|iPhone.ActiveCfg = Release|Any CPU
		{F3C1E0D6-6F95-4586-ABF9-8C2B64CEEBA3}.Release|iPhone.Build.0 = Release|Any CPU
		{F3C1E0D6-6F95-4586-ABF9-8C2B64CEEBA3}.Release|iPhone.Deploy.0 = Release|Any CPU
		{F3C1E0D6-6F95-4586-ABF9-8C2B64CEEBA3}.Release|iPhoneSimulator.ActiveCfg = Release|Any CPU
		{F3C1E0D6-6F95-4586-ABF9-8C2B64CEEBA3}.Release|iPhoneSimulator.Build.0 = Release|Any CPU
		{F3C1E0D6-6F95-4586-ABF9-8C2B64CEEBA3}.Release|iPhoneSimulator.Deploy.0 = Release|Any CPU
		{F3C1E0D6-6F95-4586-ABF9-8C2B64CEEBA3}.Release|x64.ActiveCfg = Release|Any CPU
		{F3C1E0D6-6F95-4586-ABF9-8C2B64CEEBA3}.Release|x64.Build.0 = Release|Any CPU
		{F3C1E0D6-6F95-4586-ABF9-8C2B64CEEBA3}.Release|x64.Deploy.0 = Release|Any CPU
		{F3C1E0D6-6F95-4586-ABF9-8C2B64CEEBA3}.Release|x86.ActiveCfg = Release|Any CPU
		{F3C1E0D6-6F95-4586-ABF9-8C2B64CEEBA3}.Release|x86.Build.0 = Release|Any CPU
		{F3C1E0D6-6F95-4586-ABF9-8C2B64CEEBA3}.Release|x86.Deploy.0 = Release|Any CPU
	EndGlobalSection
	GlobalSection(SolutionProperties) = preSolution
		HideSolutionNode = FALSE
	EndGlobalSection
	GlobalSection(ExtensibilityGlobals) = postSolution
		SolutionGuid = {DE51B11F-EE1D-41DB-91C7-66E68266D16C}
	EndGlobalSection
EndGlobal
